{
  "object": {
    "pins": [
      {
        "package": "CombineX",
        "repositoryURL": "https://github.com/cx-org/CombineX",
        "state": {
          "branch": null,
          "revision": "96cd76ccddac5d0493ebd91d69f1e6e9ccb58f5f",
          "version": "0.3.0"
        }
      },
      {
        "package": "MusicPlayer",
        "repositoryURL": "https://github.com/ddddxxx/MusicPlayer.git",
        "state": {
          "branch": null,
          "revision": "e652b184bc91b003dfc34cce88aaaf20b33fb33a",
          "version": "0.7.0"
        }
      },
      {
        "package": "Pailead",
        "repositoryURL": "https://github.com/pducks32/Pailead.git",
        "state": {
          "branch": null,
          "revision": "c6ce6877a7c34f32f0ad37e4efb1832e0bebf8e7",
          "version": "1.4.1"
        }
      },
      {
        "package": "Sliders",
        "repositoryURL": "https://github.com/spacenation/swiftui-sliders.git",
        "state": {
          "branch": null,
          "revision": "5109792d45a53c3c41680b8bdb0602b5dde39c9a",
          "version": "1.0.0"
        }
      }
    ]
  },
  "version": 1
}
